
Microsoft Visual Studio Solution File, Format Version 12.00
# Visual Studio Version 16
VisualStudioVersion = 25.0.1704.1
MinimumVisualStudioVersion = 10.0.40219.1
Project("{FAE04EC0-301F-11D3-BF4B-00C04F79EFBC}") = "remainder001", "remainder001\remainder001.csproj", "{0373C639-D7CB-4CA2-A3CD-60572DA3B074}"
EndProject
Global
	GlobalSection(SolutionConfigurationPlatforms) = preSolution
		Debug|Any CPU = Debug|Any CPU
		Release|Any CPU = Release|Any CPU
	EndGlobalSection
	GlobalSection(ProjectConfigurationPlatforms) = postSolution
		{0373C639-D7CB-4CA2-A3CD-60572DA3B074}.Debug|Any CPU.ActiveCfg = Debug|Any CPU
		{0373C639-D7CB-4CA2-A3CD-60572DA3B074}.Debug|Any CPU.Build.0 = Debug|Any CPU
		{0373C639-D7CB-4CA2-A3CD-60572DA3B074}.Release|Any CPU.ActiveCfg = Release|Any CPU
		{0373C639-D7CB-4CA2-A3CD-60572DA3B074}.Release|Any CPU.Build.0 = Release|Any CPU
	EndGlobalSection
	GlobalSection(SolutionProperties) = preSolution
		HideSolutionNode = FALSE
	EndGlobalSection
	GlobalSection(ExtensibilityGlobals) = postSolution
		SolutionGuid = {A8032875-0F47-4665-8D80-C2A666955543}
	EndGlobalSection
EndGlobal
